
Microsoft Visual Studio Solution File, Format Version 12.00
# Visual Studio Version 17
VisualStudioVersion = 17.6.33801.468
MinimumVisualStudioVersion = 10.0.40219.1
Project("{9A19103F-16F7-4668-BE54-9A1E7A4F7556}") = "Factory", "Factory\Factory.csproj", "{EE836A2E-F2F4-4A9C-B8CF-E3C23AEDDA21}"
EndProject
Project("{9A19103F-16F7-4668-BE54-9A1E7A4F7556}") = "Builder", "Builder\Builder.csproj", "{5FCBE616-823F-4D4E-B16A-2BFB3D51C102}"
EndProject
Project("{9A19103F-16F7-4668-BE54-9A1E7A4F7556}") = "Singleton", "Siingleton\Singleton.csproj", "{E75A92B0-8DFE-41E3-80ED-13FAF4E2F00F}"
EndProject
Global
	GlobalSection(SolutionConfigurationPlatforms) = preSolution
		Debug|Any CPU = Debug|Any CPU
		Release|Any CPU = Release|Any CPU
	EndGlobalSection
	GlobalSection(ProjectConfigurationPlatforms) = postSolution
		{EE836A2E-F2F4-4A9C-B8CF-E3C23AEDDA21}.Debug|Any CPU.ActiveCfg = Debug|Any CPU
		{EE836A2E-F2F4-4A9C-B8CF-E3C23AEDDA21}.Debug|Any CPU.Build.0 = Debug|Any CPU
		{EE836A2E-F2F4-4A9C-B8CF-E3C23AEDDA21}.Release|Any CPU.ActiveCfg = Release|Any CPU
		{EE836A2E-F2F4-4A9C-B8CF-E3C23AEDDA21}.Release|Any CPU.Build.0 = Release|Any CPU
		{5FCBE616-823F-4D4E-B16A-2BFB3D51C102}.Debug|Any CPU.ActiveCfg = Debug|Any CPU
		{5FCBE616-823F-4D4E-B16A-2BFB3D51C102}.Debug|Any CPU.Build.0 = Debug|Any CPU
		{5FCBE616-823F-4D4E-B16A-2BFB3D51C102}.Release|Any CPU.ActiveCfg = Release|Any CPU
		{5FCBE616-823F-4D4E-B16A-2BFB3D51C102}.Release|Any CPU.Build.0 = Release|Any CPU
		{E75A92B0-8DFE-41E3-80ED-13FAF4E2F00F}.Debug|Any CPU.ActiveCfg = Debug|Any CPU
		{E75A92B0-8DFE-41E3-80ED-13FAF4E2F00F}.Debug|Any CPU.Build.0 = Debug|Any CPU
		{E75A92B0-8DFE-41E3-80ED-13FAF4E2F00F}.Release|Any CPU.ActiveCfg = Release|Any CPU
		{E75A92B0-8DFE-41E3-80ED-13FAF4E2F00F}.Release|Any CPU.Build.0 = Release|Any CPU
	EndGlobalSection
	GlobalSection(SolutionProperties) = preSolution
		HideSolutionNode = FALSE
	EndGlobalSection
	GlobalSection(ExtensibilityGlobals) = postSolution
		SolutionGuid = {33BA32B1-0DDB-4F93-AF63-83B5966383AF}
	EndGlobalSection
EndGlobal
